
Microsoft Visual Studio Solution File, Format Version 12.00
# Visual Studio 15
VisualStudioVersion = 15.0.28307.1145
MinimumVisualStudioVersion = 10.0.40219.1
Project("{FAE04EC0-301F-11D3-BF4B-00C04F79EFBC}") = "PMS.WebSite", "PMS.WebSite\PMS.WebSite.csproj", "{D139D4CA-429E-498C-994B-0690833E4761}"
EndProject
Project("{FAE04EC0-301F-11D3-BF4B-00C04F79EFBC}") = "PMS.WebApi", "PMS.WebApi\PMS.WebApi.csproj", "{E5FCF3ED-CDA1-473F-A66C-9666D16B55F3}"
EndProject
Project("{FAE04EC0-301F-11D3-BF4B-00C04F79EFBC}") = "PMS.Repository", "PMS.Repository\PMS.Repository.csproj", "{2EFC3BEF-8B14-4D8F-A24C-6D3021783117}"
EndProject
Project("{FAE04EC0-301F-11D3-BF4B-00C04F79EFBC}") = "PMS.IRepository", "PMS.IRepository\PMS.IRepository.csproj", "{E404829A-E1AC-4BA4-8AFB-5E75BFA775F7}"
EndProject
Project("{FAE04EC0-301F-11D3-BF4B-00C04F79EFBC}") = "PMS.Business", "PMS.Business\PMS.Business.csproj", "{60D70E5B-517D-4C40-A416-730E0C8BDC55}"
EndProject
Project("{FAE04EC0-301F-11D3-BF4B-00C04F79EFBC}") = "PMS.IBusiness", "PMS.IBusiness\PMS.IBusiness.csproj", "{6108DD62-66F6-489E-BF52-CF4CCEA94F1B}"
EndProject
Project("{FAE04EC0-301F-11D3-BF4B-00C04F79EFBC}") = "PMS.Uitls", "PMS.Uitls\PMS.Uitls.csproj", "{C133ECBF-114B-4EE4-AE99-2D15A882916B}"
EndProject
Project("{FAE04EC0-301F-11D3-BF4B-00C04F79EFBC}") = "PMS.Models", "PMS.Models\PMS.Models.csproj", "{0A96EDB0-E5B1-4FA8-AF79-BAAC0E99F282}"
EndProject
Project("{2150E333-8FDC-42A3-9474-1A3956D46DE8}") = "公共层", "公共层", "{9824E55A-318A-4F3D-8673-AD1B2E1948E4}"
EndProject
Project("{2150E333-8FDC-42A3-9474-1A3956D46DE8}") = "业务层", "业务层", "{377593D8-E554-42E8-B552-364BC7BDF1C3}"
EndProject
Project("{2150E333-8FDC-42A3-9474-1A3956D46DE8}") = "仓储层", "仓储层", "{C6ABAB6B-19A7-4192-9C48-091A1E874F2A}"
EndProject
Global
	GlobalSection(SolutionConfigurationPlatforms) = preSolution
		Debug|Any CPU = Debug|Any CPU
		Release|Any CPU = Release|Any CPU
	EndGlobalSection
	GlobalSection(ProjectConfigurationPlatforms) = postSolution
		{D139D4CA-429E-498C-994B-0690833E4761}.Debug|Any CPU.ActiveCfg = Debug|Any CPU
		{D139D4CA-429E-498C-994B-0690833E4761}.Debug|Any CPU.Build.0 = Debug|Any CPU
		{D139D4CA-429E-498C-994B-0690833E4761}.Release|Any CPU.ActiveCfg = Release|Any CPU
		{D139D4CA-429E-498C-994B-0690833E4761}.Release|Any CPU.Build.0 = Release|Any CPU
		{E5FCF3ED-CDA1-473F-A66C-9666D16B55F3}.Debug|Any CPU.ActiveCfg = Debug|Any CPU
		{E5FCF3ED-CDA1-473F-A66C-9666D16B55F3}.Debug|Any CPU.Build.0 = Debug|Any CPU
		{E5FCF3ED-CDA1-473F-A66C-9666D16B55F3}.Release|Any CPU.ActiveCfg = Release|Any CPU
		{E5FCF3ED-CDA1-473F-A66C-9666D16B55F3}.Release|Any CPU.Build.0 = Release|Any CPU
		{2EFC3BEF-8B14-4D8F-A24C-6D3021783117}.Debug|Any CPU.ActiveCfg = Debug|Any CPU
		{2EFC3BEF-8B14-4D8F-A24C-6D3021783117}.Debug|Any CPU.Build.0 = Debug|Any CPU
		{2EFC3BEF-8B14-4D8F-A24C-6D3021783117}.Release|Any CPU.ActiveCfg = Release|Any CPU
		{2EFC3BEF-8B14-4D8F-A24C-6D3021783117}.Release|Any CPU.Build.0 = Release|Any CPU
		{E404829A-E1AC-4BA4-8AFB-5E75BFA775F7}.Debug|Any CPU.ActiveCfg = Debug|Any CPU
		{E404829A-E1AC-4BA4-8AFB-5E75BFA775F7}.Debug|Any CPU.Build.0 = Debug|Any CPU
		{E404829A-E1AC-4BA4-8AFB-5E75BFA775F7}.Release|Any CPU.ActiveCfg = Release|Any CPU
		{E404829A-E1AC-4BA4-8AFB-5E75BFA775F7}.Release|Any CPU.Build.0 = Release|Any CPU
		{60D70E5B-517D-4C40-A416-730E0C8BDC55}.Debug|Any CPU.ActiveCfg = Debug|Any CPU
		{60D70E5B-517D-4C40-A416-730E0C8BDC55}.Debug|Any CPU.Build.0 = Debug|Any CPU
		{60D70E5B-517D-4C40-A416-730E0C8BDC55}.Release|Any CPU.ActiveCfg = Release|Any CPU
		{60D70E5B-517D-4C40-A416-730E0C8BDC55}.Release|Any CPU.Build.0 = Release|Any CPU
		{6108DD62-66F6-489E-BF52-CF4CCEA94F1B}.Debug|Any CPU.ActiveCfg = Debug|Any CPU
		{6108DD62-66F6-489E-BF52-CF4CCEA94F1B}.Debug|Any CPU.Build.0 = Debug|Any CPU
		{6108DD62-66F6-489E-BF52-CF4CCEA94F1B}.Release|Any CPU.ActiveCfg = Release|Any CPU
		{6108DD62-66F6-489E-BF52-CF4CCEA94F1B}.Release|Any CPU.Build.0 = Release|Any CPU
		{C133ECBF-114B-4EE4-AE99-2D15A882916B}.Debug|Any CPU.ActiveCfg = Debug|Any CPU
		{C133ECBF-114B-4EE4-AE99-2D15A882916B}.Debug|Any CPU.Build.0 = Debug|Any CPU
		{C133ECBF-114B-4EE4-AE99-2D15A882916B}.Release|Any CPU.ActiveCfg = Release|Any CPU
		{C133ECBF-114B-4EE4-AE99-2D15A882916B}.Release|Any CPU.Build.0 = Release|Any CPU
		{0A96EDB0-E5B1-4FA8-AF79-BAAC0E99F282}.Debug|Any CPU.ActiveCfg = Debug|Any CPU
		{0A96EDB0-E5B1-4FA8-AF79-BAAC0E99F282}.Debug|Any CPU.Build.0 = Debug|Any CPU
		{0A96EDB0-E5B1-4FA8-AF79-BAAC0E99F282}.Release|Any CPU.ActiveCfg = Release|Any CPU
		{0A96EDB0-E5B1-4FA8-AF79-BAAC0E99F282}.Release|Any CPU.Build.0 = Release|Any CPU
	EndGlobalSection
	GlobalSection(SolutionProperties) = preSolution
		HideSolutionNode = FALSE
	EndGlobalSection
	GlobalSection(NestedProjects) = preSolution
		{2EFC3BEF-8B14-4D8F-A24C-6D3021783117} = {C6ABAB6B-19A7-4192-9C48-091A1E874F2A}
		{E404829A-E1AC-4BA4-8AFB-5E75BFA775F7} = {C6ABAB6B-19A7-4192-9C48-091A1E874F2A}
		{60D70E5B-517D-4C40-A416-730E0C8BDC55} = {377593D8-E554-42E8-B552-364BC7BDF1C3}
		{6108DD62-66F6-489E-BF52-CF4CCEA94F1B} = {377593D8-E554-42E8-B552-364BC7BDF1C3}
		{C133ECBF-114B-4EE4-AE99-2D15A882916B} = {9824E55A-318A-4F3D-8673-AD1B2E1948E4}
		{0A96EDB0-E5B1-4FA8-AF79-BAAC0E99F282} = {9824E55A-318A-4F3D-8673-AD1B2E1948E4}
	EndGlobalSection
	GlobalSection(ExtensibilityGlobals) = postSolution
		SolutionGuid = {E6559D5F-6215-4A4B-ABD1-EE54B2AE279A}
	EndGlobalSection
EndGlobal
